
Microsoft Visual Studio Solution File, Format Version 12.00
# Visual Studio Version 16
VisualStudioVersion = 16.0.31624.102
MinimumVisualStudioVersion = 10.0.40219.1
Project("{FAE04EC0-301F-11D3-BF4B-00C04F79EFBC}") = "WinMDF", "WinMDF\WinMDF.csproj", "{8E751965-F848-4072-B41B-D64298C46AF1}"
EndProject
Global
	GlobalSection(SolutionConfigurationPlatforms) = preSolution
		Debug|Any CPU = Debug|Any CPU
		Release|Any CPU = Release|Any CPU
	EndGlobalSection
	GlobalSection(ProjectConfigurationPlatforms) = postSolution
		{8E751965-F848-4072-B41B-D64298C46AF1}.Debug|Any CPU.ActiveCfg = Debug|Any CPU
		{8E751965-F848-4072-B41B-D64298C46AF1}.Debug|Any CPU.Build.0 = Debug|Any CPU
		{8E751965-F848-4072-B41B-D64298C46AF1}.Release|Any CPU.ActiveCfg = Release|Any CPU
		{8E751965-F848-4072-B41B-D64298C46AF1}.Release|Any CPU.Build.0 = Release|Any CPU
	EndGlobalSection
	GlobalSection(SolutionProperties) = preSolution
		HideSolutionNode = FALSE
	EndGlobalSection
	GlobalSection(ExtensibilityGlobals) = postSolution
		SolutionGuid = {0D4771DD-734A-4F0A-99A3-30EEB248C543}
	EndGlobalSection
EndGlobal
